
Microsoft Visual Studio Solution File, Format Version 12.00
# Visual Studio Version 17
VisualStudioVersion = 17.4.33213.308
MinimumVisualStudioVersion = 10.0.40219.1
Project("{FAE04EC0-301F-11D3-BF4B-00C04F79EFBC}") = "JogoAdivinhaNumero_CSharp", "JogoAdivinhaNumero_CSharp\JogoAdivinhaNumero_CSharp.csproj", "{903F1831-9BCD-490A-84D4-1A3862858CC5}"
EndProject
Global
	GlobalSection(SolutionConfigurationPlatforms) = preSolution
		Debug|Any CPU = Debug|Any CPU
		Release|Any CPU = Release|Any CPU
	EndGlobalSection
	GlobalSection(ProjectConfigurationPlatforms) = postSolution
		{903F1831-9BCD-490A-84D4-1A3862858CC5}.Debug|Any CPU.ActiveCfg = Debug|Any CPU
		{903F1831-9BCD-490A-84D4-1A3862858CC5}.Debug|Any CPU.Build.0 = Debug|Any CPU
		{903F1831-9BCD-490A-84D4-1A3862858CC5}.Release|Any CPU.ActiveCfg = Release|Any CPU
		{903F1831-9BCD-490A-84D4-1A3862858CC5}.Release|Any CPU.Build.0 = Release|Any CPU
	EndGlobalSection
	GlobalSection(SolutionProperties) = preSolution
		HideSolutionNode = FALSE
	EndGlobalSection
	GlobalSection(ExtensibilityGlobals) = postSolution
		SolutionGuid = {8BF9FE15-5ED6-4402-ADC1-A2AA89899685}
	EndGlobalSection
EndGlobal
